// !$*UTF8*$!
{
	archiveVersion = 1;
	classes = {
	};
	objectVersion = 50;
	objects = {

/* Begin PBXBuildFile section */
		172CF6A421FF13910043A812 /* BNRAppDelegate.m in Sources */ = {isa = PBXBuildFile; fileRef = 172CF6A321FF13910043A812 /* BNRAppDelegate.m */; };
		172CF6AA21FF13910043A812 /* Main.storyboard in Resources */ = {isa = PBXBuildFile; fileRef = 172CF6A821FF13910043A812 /* Main.storyboard */; };
		172CF6AF21FF13930043A812 /* LaunchScreen.storyboard in Resources */ = {isa = PBXBuildFile; fileRef = 172CF6AD21FF13930043A812 /* LaunchScreen.storyboard */; };
		172CF6B221FF13930043A812 /* main.m in Sources */ = {isa = PBXBuildFile; fileRef = 172CF6B121FF13930043A812 /* main.m */; };
		172CF6BA21FF141B0043A812 /* BNRHypnosisView.m in Sources */ = {isa = PBXBuildFile; fileRef = 172CF6B921FF141B0043A812 /* BNRHypnosisView.m */; };
		172CF6BD21FF1B8F0043A812 /* BNRHypnosisViewController.m in Sources */ = {isa = PBXBuildFile; fileRef = 172CF6BC21FF1B8F0043A812 /* BNRHypnosisViewController.m */; };
		172CF6C021FF39F60043A812 /* BNRReminderViewController.m in Sources */ = {isa = PBXBuildFile; fileRef = 172CF6BF21FF39F60043A812 /* BNRReminderViewController.m */; };
		172CF6C221FF51720043A812 /* BNRReminderViewController.xib in Resources */ = {isa = PBXBuildFile; fileRef = 172CF6C121FF51720043A812 /* BNRReminderViewController.xib */; };
		172CF6C82200029F0043A812 /* UIImage+ImageFromColor.m in Sources */ = {isa = PBXBuildFile; fileRef = 172CF6C62200029F0043A812 /* UIImage+ImageFromColor.m */; };
		172CF6CA22034CD60043A812 /* Assets.xcassets in Resources */ = {isa = PBXBuildFile; fileRef = 172CF6C922034CD60043A812 /* Assets.xcassets */; };
/* End PBXBuildFile section */

/* Begin PBXFileReference section */
		172CF69F21FF13910043A812 /* HypnoNerd.app */ = {isa = PBXFileReference; explicitFileType = wrapper.application; includeInIndex = 0; path = HypnoNerd.app; sourceTree = BUILT_PRODUCTS_DIR; };
		172CF6A221FF13910043A812 /* BNRAppDelegate.h */ = {isa = PBXFileReference; lastKnownFileType = sourcecode.c.h; path = BNRAppDelegate.h; sourceTree = "<group>"; };
		172CF6A321FF13910043A812 /* BNRAppDelegate.m */ = {isa = PBXFileReference; lastKnownFileType = sourcecode.c.objc; path = BNRAppDelegate.m; sourceTree = "<group>"; };
		172CF6A921FF13910043A812 /* Base */ = {isa = PBXFileReference; lastKnownFileType = file.storyboard; name = Base; path = Base.lproj/Main.storyboard; sourceTree = "<group>"; };
		172CF6AE21FF13930043A812 /* Base */ = {isa = PBXFileReference; lastKnownFileType = file.storyboard; name = Base; path = Base.lproj/LaunchScreen.storyboard; sourceTree = "<group>"; };
		172CF6B021FF13930043A812 /* Info.plist */ = {isa = PBXFileReference; lastKnownFileType = text.plist.xml; path = Info.plist; sourceTree = "<group>"; };
		172CF6B121FF13930043A812 /* main.m */ = {isa = PBXFileReference; lastKnownFileType = sourcecode.c.objc; path = main.m; sourceTree = "<group>"; };
		172CF6B821FF141B0043A812 /* BNRHypnosisView.h */ = {isa = PBXFileReference; fileEncoding = 4; lastKnownFileType = sourcecode.c.h; path = BNRHypnosisView.h; sourceTree = "<group>"; };
		172CF6B921FF141B0043A812 /* BNRHypnosisView.m */ = {isa = PBXFileReference; fileEncoding = 4; lastKnownFileType = sourcecode.c.objc; path = BNRHypnosisView.m; sourceTree = "<group>"; };
		172CF6BB21FF1B8F0043A812 /* BNRHypnosisViewController.h */ = {isa = PBXFileReference; lastKnownFileType = sourcecode.c.h; path = BNRHypnosisViewController.h; sourceTree = "<group>"; };
		172CF6BC21FF1B8F0043A812 /* BNRHypnosisViewController.m */ = {isa = PBXFileReference; lastKnownFileType = sourcecode.c.objc; path = BNRHypnosisViewController.m; sourceTree = "<group>"; };
		172CF6BE21FF39F60043A812 /* BNRReminderViewController.h */ = {isa = PBXFileReference; lastKnownFileType = sourcecode.c.h; path = BNRReminderViewController.h; sourceTree = "<group>"; };
		172CF6BF21FF39F60043A812 /* BNRReminderViewController.m */ = {isa = PBXFileReference; lastKnownFileType = sourcecode.c.objc; path = BNRReminderViewController.m; sourceTree = "<group>"; };
		172CF6C121FF51720043A812 /* BNRReminderViewController.xib */ = {isa = PBXFileReference; lastKnownFileType = file.xib; path = BNRReminderViewController.xib; sourceTree = "<group>"; };
		172CF6C62200029F0043A812 /* UIImage+ImageFromColor.m */ = {isa = PBXFileReference; fileEncoding = 4; lastKnownFileType = sourcecode.c.objc; path = "UIImage+ImageFromColor.m"; sourceTree = "<group>"; };
		172CF6C72200029F0043A812 /* UIImage+ImageFromColor.h */ = {isa = PBXFileReference; fileEncoding = 4; lastKnownFileType = sourcecode.c.h; path = "UIImage+ImageFromColor.h"; sourceTree = "<group>"; };
		172CF6C922034CD60043A812 /* Assets.xcassets */ = {isa = PBXFileReference; lastKnownFileType = folder.assetcatalog; path = Assets.xcassets; sourceTree = "<group>"; };
/* End PBXFileReference section */

/* Begin PBXFrameworksBuildPhase section */
		172CF69C21FF13910043A812 /* Frameworks */ = {
			isa = PBXFrameworksBuildPhase;
			buildActionMask = 2147483647;
			files = (
			);
			runOnlyForDeploymentPostprocessing = 0;
		};
/* End PBXFrameworksBuildPhase section */

/* Begin PBXGroup section */
		172CF69621FF13910043A812 = {
			isa = PBXGroup;
			children = (
				172CF6A121FF13910043A812 /* HypnoNerd */,
				172CF6A021FF13910043A812 /* Products */,
			);
			sourceTree = "<group>";
		};
		172CF6A021FF13910043A812 /* Products */ = {
			isa = PBXGroup;
			children = (
				172CF69F21FF13910043A812 /* HypnoNerd.app */,
			);
			name = Products;
			sourceTree = "<group>";
		};
		172CF6A121FF13910043A812 /* HypnoNerd */ = {
			isa = PBXGroup;
			children = (
				172CF6A221FF13910043A812 /* BNRAppDelegate.h */,
				172CF6A321FF13910043A812 /* BNRAppDelegate.m */,
				172CF6B821FF141B0043A812 /* BNRHypnosisView.h */,
				172CF6B921FF141B0043A812 /* BNRHypnosisView.m */,
				172CF6BB21FF1B8F0043A812 /* BNRHypnosisViewController.h */,
				172CF6BC21FF1B8F0043A812 /* BNRHypnosisViewController.m */,
				172CF6BE21FF39F60043A812 /* BNRReminderViewController.h */,
				172CF6BF21FF39F60043A812 /* BNRReminderViewController.m */,
				172CF6C121FF51720043A812 /* BNRReminderViewController.xib */,
				172CF6B021FF13930043A812 /* Info.plist */,
				172CF6AD21FF13930043A812 /* LaunchScreen.storyboard */,
				172CF6B121FF13930043A812 /* main.m */,
				172CF6C922034CD60043A812 /* Assets.xcassets */,
				172CF6A821FF13910043A812 /* Main.storyboard */,
				172CF6C72200029F0043A812 /* UIImage+ImageFromColor.h */,
				172CF6C62200029F0043A812 /* UIImage+ImageFromColor.m */,
			);
			path = HypnoNerd;
			sourceTree = "<group>";
		};
/* End PBXGroup section */

/* Begin PBXNativeTarget section */
		172CF69E21FF13910043A812 /* HypnoNerd */ = {
			isa = PBXNativeTarget;
			buildConfigurationList = 172CF6B521FF13930043A812 /* Build configuration list for PBXNativeTarget "HypnoNerd" */;
			buildPhases = (
				172CF69B21FF13910043A812 /* Sources */,
				172CF69C21FF13910043A812 /* Frameworks */,
				172CF69D21FF13910043A812 /* Resources */,
			);
			buildRules = (
			);
			dependencies = (
			);
			name = HypnoNerd;
			productName = HypnoNerd;
			productReference = 172CF69F21FF13910043A812 /* HypnoNerd.app */;
			productType = "com.apple.product-type.application";
		};
/* End PBXNativeTarget section */

/* Begin PBXProject section */
		172CF69721FF13910043A812 /* Project object */ = {
			isa = PBXProject;
			attributes = {
				CLASSPREFIX = BNR;
				LastUpgradeCheck = 1010;
				ORGANIZATIONNAME = MaxProgrammer;
				TargetAttributes = {
					172CF69E21FF13910043A812 = {
						CreatedOnToolsVersion = 10.1;
					};
				};
			};
			buildConfigurationList = 172CF69A21FF13910043A812 /* Build configuration list for PBXProject "HypnoNerd" */;
			compatibilityVersion = "Xcode 9.3";
			developmentRegion = en;
			hasScannedForEncodings = 0;
			knownRegions = (
				en,
				Base,
			);
			mainGroup = 172CF69621FF13910043A812;
			productRefGroup = 172CF6A021FF13910043A812 /* Products */;
			projectDirPath = "";
			projectRoot = "";
			targets = (
				172CF69E21FF13910043A812 /* HypnoNerd */,
			);
		};
/* End PBXProject section */

/* Begin PBXResourcesBuildPhase section */
		172CF69D21FF13910043A812 /* Resources */ = {
			isa = PBXResourcesBuildPhase;
			buildActionMask = 2147483647;
			files = (
				172CF6AF21FF13930043A812 /* LaunchScreen.storyboard in Resources */,
				172CF6C221FF51720043A812 /* BNRReminderViewController.xib in Resources */,
				172CF6CA22034CD60043A812 /* Assets.xcassets in Resources */,
				172CF6AA21FF13910043A812 /* Main.storyboard in Resources */,
			);
			runOnlyForDeploymentPostprocessing = 0;
		};
/* End PBXResourcesBuildPhase section */

/* Begin PBXSourcesBuildPhase section */
		172CF69B21FF13910043A812 /* Sources */ = {
			isa = PBXSourcesBuildPhase;
			buildActionMask = 2147483647;
			files = (
				172CF6B221FF13930043A812 /* main.m in Sources */,
				172CF6BA21FF141B0043A812 /* BNRHypnosisView.m in Sources */,
				172CF6A421FF13910043A812 /* BNRAppDelegate.m in Sources */,
				172CF6C82200029F0043A812 /* UIImage+ImageFromColor.m in Sources */,
				172CF6BD21FF1B8F0043A812 /* BNRHypnosisViewController.m in Sources */,
				172CF6C021FF39F60043A812 /* BNRReminderViewController.m in Sources */,
			);
			runOnlyForDeploymentPostprocessing = 0;
		};
/* End PBXSourcesBuildPhase section */

/* Begin PBXVariantGroup section */
		172CF6A821FF13910043A812 /* Main.storyboard */ = {
			isa = PBXVariantGroup;
			children = (
				172CF6A921FF13910043A812 /* Base */,
			);
			name = Main.storyboard;
			sourceTree = "<group>";
		};
		172CF6AD21FF13930043A812 /* LaunchScreen.storyboard */ = {
			isa = PBXVariantGroup;
			children = (
				172CF6AE21FF13930043A812 /* Base */,
			);
			name = LaunchScreen.storyboard;
			sourceTree = "<group>";
		};
/* End PBXVariantGroup section */

/* Begin XCBuildConfiguration section */
		172CF6B321FF13930043A812 /* Debug */ = {
			isa = XCBuildConfiguration;
			buildSettings = {
				ALWAYS_SEARCH_USER_PATHS = NO;
				CLANG_ANALYZER_NONNULL = YES;
				CLANG_ANALYZER_NUMBER_OBJECT_CONVERSION = YES_AGGRESSIVE;
				CLANG_CXX_LANGUAGE_STANDARD = "gnu++14";
				CLANG_CXX_LIBRARY = "libc++";
				CLANG_ENABLE_MODULES = YES;
				CLANG_ENABLE_OBJC_ARC = YES;
				CLANG_ENABLE_OBJC_WEAK = YES;
				CLANG_WARN_BLOCK_CAPTURE_AUTORELEASING = YES;
				CLANG_WARN_BOOL_CONVERSION = YES;
				CLANG_WARN_COMMA = YES;
				CLANG_WARN_CONSTANT_CONVERSION = YES;
				CLANG_WARN_DEPRECATED_OBJC_IMPLEMENTATIONS = YES;
				CLANG_WARN_DIRECT_OBJC_ISA_USAGE = YES_ERROR;
				CLANG_WARN_DOCUMENTATION_COMMENTS = YES;
				CLANG_WARN_EMPTY_BODY = YES;
				CLANG_WARN_ENUM_CONVERSION = YES;
				CLANG_WARN_INFINITE_RECURSION = YES;
				CLANG_WARN_INT_CONVERSION = YES;
				CLANG_WARN_NON_LITERAL_NULL_CONVERSION = YES;
				CLANG_WARN_OBJC_IMPLICIT_RETAIN_SELF = YES;
				CLANG_WARN_OBJC_LITERAL_CONVERSION = YES;
				CLANG_WARN_OBJC_ROOT_CLASS = YES_ERROR;
				CLANG_WARN_RANGE_LOOP_ANALYSIS = YES;
				CLANG_WARN_STRICT_PROTOTYPES = YES;
				CLANG_WARN_SUSPICIOUS_MOVE = YES;
				CLANG_WARN_UNGUARDED_AVAILABILITY = YES_AGGRESSIVE;
				CLANG_WARN_UNREACHABLE_CODE = YES;
				CLANG_WARN__DUPLICATE_METHOD_MATCH = YES;
				CODE_SIGN_IDENTITY = "iPhone Developer";
				COPY_PHASE_STRIP = NO;
				DEBUG_INFORMATION_FORMAT = dwarf;
				ENABLE_STRICT_OBJC_MSGSEND = YES;
				ENABLE_TESTABILITY = YES;
				GCC_C_LANGUAGE_STANDARD = gnu11;
				GCC_DYNAMIC_NO_PIC = NO;
				GCC_NO_COMMON_BLOCKS = YES;
				GCC_OPTIMIZATION_LEVEL = 0;
				GCC_PREPROCESSOR_DEFINITIONS = (
					"DEBUG=1",
					"$(inherited)",
				);
				GCC_WARN_64_TO_32_BIT_CONVERSION = YES;
				GCC_WARN_ABOUT_RETURN_TYPE = YES_ERROR;
				GCC_WARN_UNDECLARED_SELECTOR = YES;
				GCC_WARN_UNINITIALIZED_AUTOS = YES_AGGRESSIVE;
				GCC_WARN_UNUSED_FUNCTION = YES;
				GCC_WARN_UNUSED_VARIABLE = YES;
				IPHONEOS_DEPLOYMENT_TARGET = 12.1;
				MTL_ENABLE_DEBUG_INFO = INCLUDE_SOURCE;
				MTL_FAST_MATH = YES;
				ONLY_ACTIVE_ARCH = YES;
				SDKROOT = iphoneos;
			};
			name = Debug;
		};
		172CF6B421FF13930043A812 /* Release */ = {
			isa = XCBuildConfiguration;
			buildSettings = {
				ALWAYS_SEARCH_USER_PATHS = NO;
				CLANG_ANALYZER_NONNULL = YES;
				CLANG_ANALYZER_NUMBER_OBJECT_CONVERSION = YES_AGGRESSIVE;
				CLANG_CXX_LANGUAGE_STANDARD = "gnu++14";
				CLANG_CXX_LIBRARY = "libc++";
				CLANG_ENABLE_MODULES = YES;
				CLANG_ENABLE_OBJC_ARC = YES;
				CLANG_ENABLE_OBJC_WEAK = YES;
				CLANG_WARN_BLOCK_CAPTURE_AUTORELEASING = YES;
				CLANG_WARN_BOOL_CONVERSION = YES;
				CLANG_WARN_COMMA = YES;
				CLANG_WARN_CONSTANT_CONVERSION = YES;
				CLANG_WARN_DEPRECATED_OBJC_IMPLEMENTATIONS = YES;
				CLANG_WARN_DIRECT_OBJC_ISA_USAGE = YES_ERROR;
				CLANG_WARN_DOCUMENTATION_COMMENTS = YES;
				CLANG_WARN_EMPTY_BODY = YES;
				CLANG_WARN_ENUM_CONVERSION = YES;
				CLANG_WARN_INFINITE_RECURSION = YES;
				CLANG_WARN_INT_CONVERSION = YES;
				CLANG_WARN_NON_LITERAL_NULL_CONVERSION = YES;
				CLANG_WARN_OBJC_IMPLICIT_RETAIN_SELF = YES;
				CLANG_WARN_OBJC_LITERAL_CONVERSION = YES;
				CLANG_WARN_OBJC_ROOT_CLASS = YES_ERROR;
				CLANG_WARN_RANGE_LOOP_ANALYSIS = YES;
				CLANG_WARN_STRICT_PROTOTYPES = YES;
				CLANG_WARN_SUSPICIOUS_MOVE = YES;
				CLANG_WARN_UNGUARDED_AVAILABILITY = YES_AGGRESSIVE;
				CLANG_WARN_UNREACHABLE_CODE = YES;
				CLANG_WARN__DUPLICATE_METHOD_MATCH = YES;
				CODE_SIGN_IDENTITY = "iPhone Developer";
				COPY_PHASE_STRIP = NO;
				DEBUG_INFORMATION_FORMAT = "dwarf-with-dsym";
				ENABLE_NS_ASSERTIONS = NO;
				ENABLE_STRICT_OBJC_MSGSEND = YES;
				GCC_C_LANGUAGE_STANDARD = gnu11;
				GCC_NO_COMMON_BLOCKS = YES;
				GCC_WARN_64_TO_32_BIT_CONVERSION = YES;
				GCC_WARN_ABOUT_RETURN_TYPE = YES_ERROR;
				GCC_WARN_UNDECLARED_SELECTOR = YES;
				GCC_WARN_UNINITIALIZED_AUTOS = YES_AGGRESSIVE;
				GCC_WARN_UNUSED_FUNCTION = YES;
				GCC_WARN_UNUSED_VARIABLE = YES;
				IPHONEOS_DEPLOYMENT_TARGET = 12.1;
				MTL_ENABLE_DEBUG_INFO = NO;
				MTL_FAST_MATH = YES;
				SDKROOT = iphoneos;
				VALIDATE_PRODUCT = YES;
			};
			name = Release;
		};
		172CF6B621FF13930043A812 /* Debug */ = {
			isa = XCBuildConfiguration;
			buildSettings = {
				ASSETCATALOG_COMPILER_APPICON_NAME = AppIcon;
				ASSETCATALOG_COMPILER_LAUNCHIMAGE_NAME = LaunchImage;
				CODE_SIGN_STYLE = Automatic;
				DEVELOPMENT_TEAM = 95MT857CBA;
				INFOPLIST_FILE = HypnoNerd/Info.plist;
				LD_RUNPATH_SEARCH_PATHS = (
					"$(inherited)",
					"@executable_path/Frameworks",
				);
				PRODUCT_BUNDLE_IDENTIFIER = com.maxprogrammer.HypnoNerd;
				PRODUCT_NAME = "$(TARGET_NAME)";
				TARGETED_DEVICE_FAMILY = "1,2";
			};
			name = Debug;
		};
		172CF6B721FF13930043A812 /* Release */ = {
			isa = XCBuildConfiguration;
			buildSettings = {
				ASSETCATALOG_COMPILER_APPICON_NAME = AppIcon;
				ASSETCATALOG_COMPILER_LAUNCHIMAGE_NAME = LaunchImage;
				CODE_SIGN_STYLE = Automatic;
				DEVELOPMENT_TEAM = 95MT857CBA;
				INFOPLIST_FILE = HypnoNerd/Info.plist;
				LD_RUNPATH_SEARCH_PATHS = (
					"$(inherited)",
					"@executable_path/Frameworks",
				);
				PRODUCT_BUNDLE_IDENTIFIER = com.maxprogrammer.HypnoNerd;
				PRODUCT_NAME = "$(TARGET_NAME)";
				TARGETED_DEVICE_FAMILY = "1,2";
			};
			name = Release;
		};
/* End XCBuildConfiguration section */

/* Begin XCConfigurationList section */
		172CF69A21FF13910043A812 /* Build configuration list for PBXProject "HypnoNerd" */ = {
			isa = XCConfigurationList;
			buildConfigurations = (
				172CF6B321FF13930043A812 /* Debug */,
				172CF6B421FF13930043A812 /* Release */,
			);
			defaultConfigurationIsVisible = 0;
			defaultConfigurationName = Release;
		};
		172CF6B521FF13930043A812 /* Build configuration list for PBXNativeTarget "HypnoNerd" */ = {
			isa = XCConfigurationList;
			buildConfigurations = (
				172CF6B621FF13930043A812 /* Debug */,
				172CF6B721FF13930043A812 /* Release */,
			);
			defaultConfigurationIsVisible = 0;
			defaultConfigurationName = Release;
		};
/* End XCConfigurationList section */
	};
	rootObject = 172CF69721FF13910043A812 /* Project object */;
}
