// !$*UTF8*$!
{
	archiveVersion = 1;
	classes = {
	};
	objectVersion = 50;
	objects = {

/* Begin PBXBuildFile section */
		1714212C21D0FFDE00BEAC66 /* BNRAppDelegate.m in Sources */ = {isa = PBXBuildFile; fileRef = 1714212B21D0FFDE00BEAC66 /* BNRAppDelegate.m */; };
		1714212F21D0FFDE00BEAC66 /* ViewController.m in Sources */ = {isa = PBXBuildFile; fileRef = 1714212E21D0FFDE00BEAC66 /* ViewController.m */; };
		1714213221D0FFDE00BEAC66 /* Main.storyboard in Resources */ = {isa = PBXBuildFile; fileRef = 1714213021D0FFDE00BEAC66 /* Main.storyboard */; };
		1714213421D0FFDF00BEAC66 /* Assets.xcassets in Resources */ = {isa = PBXBuildFile; fileRef = 1714213321D0FFDF00BEAC66 /* Assets.xcassets */; };
		1714213721D0FFDF00BEAC66 /* LaunchScreen.storyboard in Resources */ = {isa = PBXBuildFile; fileRef = 1714213521D0FFDF00BEAC66 /* LaunchScreen.storyboard */; };
		1714213A21D0FFDF00BEAC66 /* main.m in Sources */ = {isa = PBXBuildFile; fileRef = 1714213921D0FFDF00BEAC66 /* main.m */; };
		1714214821D1188F00BEAC66 /* BNRHypnosisView.m in Sources */ = {isa = PBXBuildFile; fileRef = 1714214621D1188E00BEAC66 /* BNRHypnosisView.m */; };
/* End PBXBuildFile section */

/* Begin PBXFileReference section */
		1714212721D0FFDE00BEAC66 /* Hypnosister.app */ = {isa = PBXFileReference; explicitFileType = wrapper.application; includeInIndex = 0; path = Hypnosister.app; sourceTree = BUILT_PRODUCTS_DIR; };
		1714212A21D0FFDE00BEAC66 /* BNRAppDelegate.h */ = {isa = PBXFileReference; lastKnownFileType = sourcecode.c.h; path = BNRAppDelegate.h; sourceTree = "<group>"; };
		1714212B21D0FFDE00BEAC66 /* BNRAppDelegate.m */ = {isa = PBXFileReference; lastKnownFileType = sourcecode.c.objc; path = BNRAppDelegate.m; sourceTree = "<group>"; };
		1714212D21D0FFDE00BEAC66 /* ViewController.h */ = {isa = PBXFileReference; lastKnownFileType = sourcecode.c.h; path = ViewController.h; sourceTree = "<group>"; };
		1714212E21D0FFDE00BEAC66 /* ViewController.m */ = {isa = PBXFileReference; lastKnownFileType = sourcecode.c.objc; path = ViewController.m; sourceTree = "<group>"; };
		1714213121D0FFDE00BEAC66 /* Base */ = {isa = PBXFileReference; lastKnownFileType = file.storyboard; name = Base; path = Base.lproj/Main.storyboard; sourceTree = "<group>"; };
		1714213321D0FFDF00BEAC66 /* Assets.xcassets */ = {isa = PBXFileReference; lastKnownFileType = folder.assetcatalog; path = Assets.xcassets; sourceTree = "<group>"; };
		1714213621D0FFDF00BEAC66 /* Base */ = {isa = PBXFileReference; lastKnownFileType = file.storyboard; name = Base; path = Base.lproj/LaunchScreen.storyboard; sourceTree = "<group>"; };
		1714213821D0FFDF00BEAC66 /* Info.plist */ = {isa = PBXFileReference; lastKnownFileType = text.plist.xml; path = Info.plist; sourceTree = "<group>"; };
		1714213921D0FFDF00BEAC66 /* main.m */ = {isa = PBXFileReference; lastKnownFileType = sourcecode.c.objc; path = main.m; sourceTree = "<group>"; };
		1714214621D1188E00BEAC66 /* BNRHypnosisView.m */ = {isa = PBXFileReference; fileEncoding = 4; lastKnownFileType = sourcecode.c.objc; path = BNRHypnosisView.m; sourceTree = "<group>"; };
		1714214721D1188F00BEAC66 /* BNRHypnosisView.h */ = {isa = PBXFileReference; fileEncoding = 4; lastKnownFileType = sourcecode.c.h; path = BNRHypnosisView.h; sourceTree = "<group>"; };
/* End PBXFileReference section */

/* Begin PBXFrameworksBuildPhase section */
		1714212421D0FFDE00BEAC66 /* Frameworks */ = {
			isa = PBXFrameworksBuildPhase;
			buildActionMask = 2147483647;
			files = (
			);
			runOnlyForDeploymentPostprocessing = 0;
		};
/* End PBXFrameworksBuildPhase section */

/* Begin PBXGroup section */
		1714211E21D0FFDE00BEAC66 = {
			isa = PBXGroup;
			children = (
				1714212921D0FFDE00BEAC66 /* Hypnosister */,
				1714212821D0FFDE00BEAC66 /* Products */,
			);
			sourceTree = "<group>";
		};
		1714212821D0FFDE00BEAC66 /* Products */ = {
			isa = PBXGroup;
			children = (
				1714212721D0FFDE00BEAC66 /* Hypnosister.app */,
			);
			name = Products;
			sourceTree = "<group>";
		};
		1714212921D0FFDE00BEAC66 /* Hypnosister */ = {
			isa = PBXGroup;
			children = (
				1714214721D1188F00BEAC66 /* BNRHypnosisView.h */,
				1714214621D1188E00BEAC66 /* BNRHypnosisView.m */,
				1714212A21D0FFDE00BEAC66 /* BNRAppDelegate.h */,
				1714212B21D0FFDE00BEAC66 /* BNRAppDelegate.m */,
				1714212D21D0FFDE00BEAC66 /* ViewController.h */,
				1714212E21D0FFDE00BEAC66 /* ViewController.m */,
				1714213021D0FFDE00BEAC66 /* Main.storyboard */,
				1714213321D0FFDF00BEAC66 /* Assets.xcassets */,
				1714213521D0FFDF00BEAC66 /* LaunchScreen.storyboard */,
				1714213821D0FFDF00BEAC66 /* Info.plist */,
				1714213921D0FFDF00BEAC66 /* main.m */,
			);
			path = Hypnosister;
			sourceTree = "<group>";
		};
/* End PBXGroup section */

/* Begin PBXNativeTarget section */
		1714212621D0FFDE00BEAC66 /* Hypnosister */ = {
			isa = PBXNativeTarget;
			buildConfigurationList = 1714213D21D0FFDF00BEAC66 /* Build configuration list for PBXNativeTarget "Hypnosister" */;
			buildPhases = (
				1714212321D0FFDE00BEAC66 /* Sources */,
				1714212421D0FFDE00BEAC66 /* Frameworks */,
				1714212521D0FFDE00BEAC66 /* Resources */,
			);
			buildRules = (
			);
			dependencies = (
			);
			name = Hypnosister;
			productName = Hypnosister;
			productReference = 1714212721D0FFDE00BEAC66 /* Hypnosister.app */;
			productType = "com.apple.product-type.application";
		};
/* End PBXNativeTarget section */

/* Begin PBXProject section */
		1714211F21D0FFDE00BEAC66 /* Project object */ = {
			isa = PBXProject;
			attributes = {
				CLASSPREFIX = BNR;
				LastUpgradeCheck = 1010;
				ORGANIZATIONNAME = MaxProgrammer;
				TargetAttributes = {
					1714212621D0FFDE00BEAC66 = {
						CreatedOnToolsVersion = 10.1;
					};
				};
			};
			buildConfigurationList = 1714212221D0FFDE00BEAC66 /* Build configuration list for PBXProject "Hypnosister" */;
			compatibilityVersion = "Xcode 9.3";
			developmentRegion = en;
			hasScannedForEncodings = 0;
			knownRegions = (
				en,
				Base,
			);
			mainGroup = 1714211E21D0FFDE00BEAC66;
			productRefGroup = 1714212821D0FFDE00BEAC66 /* Products */;
			projectDirPath = "";
			projectRoot = "";
			targets = (
				1714212621D0FFDE00BEAC66 /* Hypnosister */,
			);
		};
/* End PBXProject section */

/* Begin PBXResourcesBuildPhase section */
		1714212521D0FFDE00BEAC66 /* Resources */ = {
			isa = PBXResourcesBuildPhase;
			buildActionMask = 2147483647;
			files = (
				1714213721D0FFDF00BEAC66 /* LaunchScreen.storyboard in Resources */,
				1714213421D0FFDF00BEAC66 /* Assets.xcassets in Resources */,
				1714213221D0FFDE00BEAC66 /* Main.storyboard in Resources */,
			);
			runOnlyForDeploymentPostprocessing = 0;
		};
/* End PBXResourcesBuildPhase section */

/* Begin PBXSourcesBuildPhase section */
		1714212321D0FFDE00BEAC66 /* Sources */ = {
			isa = PBXSourcesBuildPhase;
			buildActionMask = 2147483647;
			files = (
				1714212F21D0FFDE00BEAC66 /* ViewController.m in Sources */,
				1714213A21D0FFDF00BEAC66 /* main.m in Sources */,
				1714214821D1188F00BEAC66 /* BNRHypnosisView.m in Sources */,
				1714212C21D0FFDE00BEAC66 /* BNRAppDelegate.m in Sources */,
			);
			runOnlyForDeploymentPostprocessing = 0;
		};
/* End PBXSourcesBuildPhase section */

/* Begin PBXVariantGroup section */
		1714213021D0FFDE00BEAC66 /* Main.storyboard */ = {
			isa = PBXVariantGroup;
			children = (
				1714213121D0FFDE00BEAC66 /* Base */,
			);
			name = Main.storyboard;
			sourceTree = "<group>";
		};
		1714213521D0FFDF00BEAC66 /* LaunchScreen.storyboard */ = {
			isa = PBXVariantGroup;
			children = (
				1714213621D0FFDF00BEAC66 /* Base */,
			);
			name = LaunchScreen.storyboard;
			sourceTree = "<group>";
		};
/* End PBXVariantGroup section */

/* Begin XCBuildConfiguration section */
		1714213B21D0FFDF00BEAC66 /* Debug */ = {
			isa = XCBuildConfiguration;
			buildSettings = {
				ALWAYS_SEARCH_USER_PATHS = NO;
				CLANG_ANALYZER_NONNULL = YES;
				CLANG_ANALYZER_NUMBER_OBJECT_CONVERSION = YES_AGGRESSIVE;
				CLANG_CXX_LANGUAGE_STANDARD = "gnu++14";
				CLANG_CXX_LIBRARY = "libc++";
				CLANG_ENABLE_MODULES = YES;
				CLANG_ENABLE_OBJC_ARC = YES;
				CLANG_ENABLE_OBJC_WEAK = YES;
				CLANG_WARN_BLOCK_CAPTURE_AUTORELEASING = YES;
				CLANG_WARN_BOOL_CONVERSION = YES;
				CLANG_WARN_COMMA = YES;
				CLANG_WARN_CONSTANT_CONVERSION = YES;
				CLANG_WARN_DEPRECATED_OBJC_IMPLEMENTATIONS = YES;
				CLANG_WARN_DIRECT_OBJC_ISA_USAGE = YES_ERROR;
				CLANG_WARN_DOCUMENTATION_COMMENTS = YES;
				CLANG_WARN_EMPTY_BODY = YES;
				CLANG_WARN_ENUM_CONVERSION = YES;
				CLANG_WARN_INFINITE_RECURSION = YES;
				CLANG_WARN_INT_CONVERSION = YES;
				CLANG_WARN_NON_LITERAL_NULL_CONVERSION = YES;
				CLANG_WARN_OBJC_IMPLICIT_RETAIN_SELF = YES;
				CLANG_WARN_OBJC_LITERAL_CONVERSION = YES;
				CLANG_WARN_OBJC_ROOT_CLASS = YES_ERROR;
				CLANG_WARN_RANGE_LOOP_ANALYSIS = YES;
				CLANG_WARN_STRICT_PROTOTYPES = YES;
				CLANG_WARN_SUSPICIOUS_MOVE = YES;
				CLANG_WARN_UNGUARDED_AVAILABILITY = YES_AGGRESSIVE;
				CLANG_WARN_UNREACHABLE_CODE = YES;
				CLANG_WARN__DUPLICATE_METHOD_MATCH = YES;
				CODE_SIGN_IDENTITY = "iPhone Developer";
				COPY_PHASE_STRIP = NO;
				DEBUG_INFORMATION_FORMAT = dwarf;
				ENABLE_STRICT_OBJC_MSGSEND = YES;
				ENABLE_TESTABILITY = YES;
				GCC_C_LANGUAGE_STANDARD = gnu11;
				GCC_DYNAMIC_NO_PIC = NO;
				GCC_NO_COMMON_BLOCKS = YES;
				GCC_OPTIMIZATION_LEVEL = 0;
				GCC_PREPROCESSOR_DEFINITIONS = (
					"DEBUG=1",
					"$(inherited)",
				);
				GCC_WARN_64_TO_32_BIT_CONVERSION = YES;
				GCC_WARN_ABOUT_RETURN_TYPE = YES_ERROR;
				GCC_WARN_UNDECLARED_SELECTOR = YES;
				GCC_WARN_UNINITIALIZED_AUTOS = YES_AGGRESSIVE;
				GCC_WARN_UNUSED_FUNCTION = YES;
				GCC_WARN_UNUSED_VARIABLE = YES;
				IPHONEOS_DEPLOYMENT_TARGET = 12.1;
				MTL_ENABLE_DEBUG_INFO = INCLUDE_SOURCE;
				MTL_FAST_MATH = YES;
				ONLY_ACTIVE_ARCH = YES;
				SDKROOT = iphoneos;
			};
			name = Debug;
		};
		1714213C21D0FFDF00BEAC66 /* Release */ = {
			isa = XCBuildConfiguration;
			buildSettings = {
				ALWAYS_SEARCH_USER_PATHS = NO;
				CLANG_ANALYZER_NONNULL = YES;
				CLANG_ANALYZER_NUMBER_OBJECT_CONVERSION = YES_AGGRESSIVE;
				CLANG_CXX_LANGUAGE_STANDARD = "gnu++14";
				CLANG_CXX_LIBRARY = "libc++";
				CLANG_ENABLE_MODULES = YES;
				CLANG_ENABLE_OBJC_ARC = YES;
				CLANG_ENABLE_OBJC_WEAK = YES;
				CLANG_WARN_BLOCK_CAPTURE_AUTORELEASING = YES;
				CLANG_WARN_BOOL_CONVERSION = YES;
				CLANG_WARN_COMMA = YES;
				CLANG_WARN_CONSTANT_CONVERSION = YES;
				CLANG_WARN_DEPRECATED_OBJC_IMPLEMENTATIONS = YES;
				CLANG_WARN_DIRECT_OBJC_ISA_USAGE = YES_ERROR;
				CLANG_WARN_DOCUMENTATION_COMMENTS = YES;
				CLANG_WARN_EMPTY_BODY = YES;
				CLANG_WARN_ENUM_CONVERSION = YES;
				CLANG_WARN_INFINITE_RECURSION = YES;
				CLANG_WARN_INT_CONVERSION = YES;
				CLANG_WARN_NON_LITERAL_NULL_CONVERSION = YES;
				CLANG_WARN_OBJC_IMPLICIT_RETAIN_SELF = YES;
				CLANG_WARN_OBJC_LITERAL_CONVERSION = YES;
				CLANG_WARN_OBJC_ROOT_CLASS = YES_ERROR;
				CLANG_WARN_RANGE_LOOP_ANALYSIS = YES;
				CLANG_WARN_STRICT_PROTOTYPES = YES;
				CLANG_WARN_SUSPICIOUS_MOVE = YES;
				CLANG_WARN_UNGUARDED_AVAILABILITY = YES_AGGRESSIVE;
				CLANG_WARN_UNREACHABLE_CODE = YES;
				CLANG_WARN__DUPLICATE_METHOD_MATCH = YES;
				CODE_SIGN_IDENTITY = "iPhone Developer";
				COPY_PHASE_STRIP = NO;
				DEBUG_INFORMATION_FORMAT = "dwarf-with-dsym";
				ENABLE_NS_ASSERTIONS = NO;
				ENABLE_STRICT_OBJC_MSGSEND = YES;
				GCC_C_LANGUAGE_STANDARD = gnu11;
				GCC_NO_COMMON_BLOCKS = YES;
				GCC_WARN_64_TO_32_BIT_CONVERSION = YES;
				GCC_WARN_ABOUT_RETURN_TYPE = YES_ERROR;
				GCC_WARN_UNDECLARED_SELECTOR = YES;
				GCC_WARN_UNINITIALIZED_AUTOS = YES_AGGRESSIVE;
				GCC_WARN_UNUSED_FUNCTION = YES;
				GCC_WARN_UNUSED_VARIABLE = YES;
				IPHONEOS_DEPLOYMENT_TARGET = 12.1;
				MTL_ENABLE_DEBUG_INFO = NO;
				MTL_FAST_MATH = YES;
				SDKROOT = iphoneos;
				VALIDATE_PRODUCT = YES;
			};
			name = Release;
		};
		1714213E21D0FFDF00BEAC66 /* Debug */ = {
			isa = XCBuildConfiguration;
			buildSettings = {
				ASSETCATALOG_COMPILER_APPICON_NAME = AppIcon;
				CODE_SIGN_STYLE = Automatic;
				DEVELOPMENT_TEAM = 95MT857CBA;
				INFOPLIST_FILE = Hypnosister/Info.plist;
				LD_RUNPATH_SEARCH_PATHS = (
					"$(inherited)",
					"@executable_path/Frameworks",
				);
				PRODUCT_BUNDLE_IDENTIFIER = com.maxprogrammer.Hypnosister;
				PRODUCT_NAME = "$(TARGET_NAME)";
				TARGETED_DEVICE_FAMILY = "1,2";
			};
			name = Debug;
		};
		1714213F21D0FFDF00BEAC66 /* Release */ = {
			isa = XCBuildConfiguration;
			buildSettings = {
				ASSETCATALOG_COMPILER_APPICON_NAME = AppIcon;
				CODE_SIGN_STYLE = Automatic;
				DEVELOPMENT_TEAM = 95MT857CBA;
				INFOPLIST_FILE = Hypnosister/Info.plist;
				LD_RUNPATH_SEARCH_PATHS = (
					"$(inherited)",
					"@executable_path/Frameworks",
				);
				PRODUCT_BUNDLE_IDENTIFIER = com.maxprogrammer.Hypnosister;
				PRODUCT_NAME = "$(TARGET_NAME)";
				TARGETED_DEVICE_FAMILY = "1,2";
			};
			name = Release;
		};
/* End XCBuildConfiguration section */

/* Begin XCConfigurationList section */
		1714212221D0FFDE00BEAC66 /* Build configuration list for PBXProject "Hypnosister" */ = {
			isa = XCConfigurationList;
			buildConfigurations = (
				1714213B21D0FFDF00BEAC66 /* Debug */,
				1714213C21D0FFDF00BEAC66 /* Release */,
			);
			defaultConfigurationIsVisible = 0;
			defaultConfigurationName = Release;
		};
		1714213D21D0FFDF00BEAC66 /* Build configuration list for PBXNativeTarget "Hypnosister" */ = {
			isa = XCConfigurationList;
			buildConfigurations = (
				1714213E21D0FFDF00BEAC66 /* Debug */,
				1714213F21D0FFDF00BEAC66 /* Release */,
			);
			defaultConfigurationIsVisible = 0;
			defaultConfigurationName = Release;
		};
/* End XCConfigurationList section */
	};
	rootObject = 1714211F21D0FFDE00BEAC66 /* Project object */;
}
